
Microsoft Visual Studio Solution File, Format Version 12.00
# Visual Studio Version 16
VisualStudioVersion = 16.0.29306.81
MinimumVisualStudioVersion = 10.0.40219.1
Project("{FAE04EC0-301F-11D3-BF4B-00C04F79EFBC}") = "atoi", "atoi\atoi.csproj", "{610DDFD4-05E0-4D6F-B1EE-271BEA4BFEC6}"
EndProject
Global
	GlobalSection(SolutionConfigurationPlatforms) = preSolution
		Debug|Any CPU = Debug|Any CPU
		Release|Any CPU = Release|Any CPU
	EndGlobalSection
	GlobalSection(ProjectConfigurationPlatforms) = postSolution
		{610DDFD4-05E0-4D6F-B1EE-271BEA4BFEC6}.Debug|Any CPU.ActiveCfg = Debug|Any CPU
		{610DDFD4-05E0-4D6F-B1EE-271BEA4BFEC6}.Debug|Any CPU.Build.0 = Debug|Any CPU
		{610DDFD4-05E0-4D6F-B1EE-271BEA4BFEC6}.Release|Any CPU.ActiveCfg = Release|Any CPU
		{610DDFD4-05E0-4D6F-B1EE-271BEA4BFEC6}.Release|Any CPU.Build.0 = Release|Any CPU
	EndGlobalSection
	GlobalSection(SolutionProperties) = preSolution
		HideSolutionNode = FALSE
	EndGlobalSection
	GlobalSection(ExtensibilityGlobals) = postSolution
		SolutionGuid = {C406C2CC-0E58-41FC-9E21-B128AE036D75}
	EndGlobalSection
EndGlobal
